
Microsoft Visual Studio Solution File, Format Version 12.00
# Visual Studio 15
VisualStudioVersion = 15.0.26124.0
MinimumVisualStudioVersion = 15.0.26124.0
Project("{FAE04EC0-301F-11D3-BF4B-00C04F79EFBC}") = "QuickBuy.Dominio", "QuickBuy.Dominio\QuickBuy.Dominio.csproj", "{DD893750-A6D3-4558-AA18-6ABC5A1F56B0}"
EndProject
Project("{FAE04EC0-301F-11D3-BF4B-00C04F79EFBC}") = "QuickBuy.Repositorio", "QuickBuy.Repositorio\QuickBuy.Repositorio.csproj", "{2FF307A7-25CC-45B0-B968-1E11BE3AC4DC}"
EndProject
Project("{FAE04EC0-301F-11D3-BF4B-00C04F79EFBC}") = "QuickBuy.Web", "QuickBuy.Web\QuickBuy.Web.csproj", "{71A09B53-CC78-4231-96C7-520A36BF372A}"
EndProject
Global
	GlobalSection(SolutionConfigurationPlatforms) = preSolution
		Debug|Any CPU = Debug|Any CPU
		Debug|x64 = Debug|x64
		Debug|x86 = Debug|x86
		Release|Any CPU = Release|Any CPU
		Release|x64 = Release|x64
		Release|x86 = Release|x86
	EndGlobalSection
	GlobalSection(SolutionProperties) = preSolution
		HideSolutionNode = FALSE
	EndGlobalSection
	GlobalSection(ProjectConfigurationPlatforms) = postSolution
		{DD893750-A6D3-4558-AA18-6ABC5A1F56B0}.Debug|Any CPU.ActiveCfg = Debug|Any CPU
		{DD893750-A6D3-4558-AA18-6ABC5A1F56B0}.Debug|Any CPU.Build.0 = Debug|Any CPU
		{DD893750-A6D3-4558-AA18-6ABC5A1F56B0}.Debug|x64.ActiveCfg = Debug|Any CPU
		{DD893750-A6D3-4558-AA18-6ABC5A1F56B0}.Debug|x64.Build.0 = Debug|Any CPU
		{DD893750-A6D3-4558-AA18-6ABC5A1F56B0}.Debug|x86.ActiveCfg = Debug|Any CPU
		{DD893750-A6D3-4558-AA18-6ABC5A1F56B0}.Debug|x86.Build.0 = Debug|Any CPU
		{DD893750-A6D3-4558-AA18-6ABC5A1F56B0}.Release|Any CPU.ActiveCfg = Release|Any CPU
		{DD893750-A6D3-4558-AA18-6ABC5A1F56B0}.Release|Any CPU.Build.0 = Release|Any CPU
		{DD893750-A6D3-4558-AA18-6ABC5A1F56B0}.Release|x64.ActiveCfg = Release|Any CPU
		{DD893750-A6D3-4558-AA18-6ABC5A1F56B0}.Release|x64.Build.0 = Release|Any CPU
		{DD893750-A6D3-4558-AA18-6ABC5A1F56B0}.Release|x86.ActiveCfg = Release|Any CPU
		{DD893750-A6D3-4558-AA18-6ABC5A1F56B0}.Release|x86.Build.0 = Release|Any CPU
		{2FF307A7-25CC-45B0-B968-1E11BE3AC4DC}.Debug|Any CPU.ActiveCfg = Debug|Any CPU
		{2FF307A7-25CC-45B0-B968-1E11BE3AC4DC}.Debug|Any CPU.Build.0 = Debug|Any CPU
		{2FF307A7-25CC-45B0-B968-1E11BE3AC4DC}.Debug|x64.ActiveCfg = Debug|Any CPU
		{2FF307A7-25CC-45B0-B968-1E11BE3AC4DC}.Debug|x64.Build.0 = Debug|Any CPU
		{2FF307A7-25CC-45B0-B968-1E11BE3AC4DC}.Debug|x86.ActiveCfg = Debug|Any CPU
		{2FF307A7-25CC-45B0-B968-1E11BE3AC4DC}.Debug|x86.Build.0 = Debug|Any CPU
		{2FF307A7-25CC-45B0-B968-1E11BE3AC4DC}.Release|Any CPU.ActiveCfg = Release|Any CPU
		{2FF307A7-25CC-45B0-B968-1E11BE3AC4DC}.Release|Any CPU.Build.0 = Release|Any CPU
		{2FF307A7-25CC-45B0-B968-1E11BE3AC4DC}.Release|x64.ActiveCfg = Release|Any CPU
		{2FF307A7-25CC-45B0-B968-1E11BE3AC4DC}.Release|x64.Build.0 = Release|Any CPU
		{2FF307A7-25CC-45B0-B968-1E11BE3AC4DC}.Release|x86.ActiveCfg = Release|Any CPU
		{2FF307A7-25CC-45B0-B968-1E11BE3AC4DC}.Release|x86.Build.0 = Release|Any CPU
		{71A09B53-CC78-4231-96C7-520A36BF372A}.Debug|Any CPU.ActiveCfg = Debug|Any CPU
		{71A09B53-CC78-4231-96C7-520A36BF372A}.Debug|Any CPU.Build.0 = Debug|Any CPU
		{71A09B53-CC78-4231-96C7-520A36BF372A}.Debug|x64.ActiveCfg = Debug|Any CPU
		{71A09B53-CC78-4231-96C7-520A36BF372A}.Debug|x64.Build.0 = Debug|Any CPU
		{71A09B53-CC78-4231-96C7-520A36BF372A}.Debug|x86.ActiveCfg = Debug|Any CPU
		{71A09B53-CC78-4231-96C7-520A36BF372A}.Debug|x86.Build.0 = Debug|Any CPU
		{71A09B53-CC78-4231-96C7-520A36BF372A}.Release|Any CPU.ActiveCfg = Release|Any CPU
		{71A09B53-CC78-4231-96C7-520A36BF372A}.Release|Any CPU.Build.0 = Release|Any CPU
		{71A09B53-CC78-4231-96C7-520A36BF372A}.Release|x64.ActiveCfg = Release|Any CPU
		{71A09B53-CC78-4231-96C7-520A36BF372A}.Release|x64.Build.0 = Release|Any CPU
		{71A09B53-CC78-4231-96C7-520A36BF372A}.Release|x86.ActiveCfg = Release|Any CPU
		{71A09B53-CC78-4231-96C7-520A36BF372A}.Release|x86.Build.0 = Release|Any CPU
	EndGlobalSection
EndGlobal
